// !$*UTF8*$!
{
	archiveVersion = 1;
	classes = {
	};
	objectVersion = 56;
	objects = {

/* Begin PBXBuildFile section */
		47BBC77129626500007962A0 /* SnackBarModel.swift in Sources */ = {isa = PBXBuildFile; fileRef = 47BBC77029626500007962A0 /* SnackBarModel.swift */; };
		47BBC7732962656E007962A0 /* SnackBarData.swift in Sources */ = {isa = PBXBuildFile; fileRef = 47BBC7722962656E007962A0 /* SnackBarData.swift */; };
		47BBC775296265BC007962A0 /* SnackBarCardView.swift in Sources */ = {isa = PBXBuildFile; fileRef = 47BBC774296265BC007962A0 /* SnackBarCardView.swift */; };
		47BBC77729626A9F007962A0 /* SnackBarRatingView.swift in Sources */ = {isa = PBXBuildFile; fileRef = 47BBC77629626A9F007962A0 /* SnackBarRatingView.swift */; };
		47BBC77929626BCF007962A0 /* SnackBarInfoView.swift in Sources */ = {isa = PBXBuildFile; fileRef = 47BBC77829626BCF007962A0 /* SnackBarInfoView.swift */; };
		47BBC77B29626EA7007962A0 /* SnackBarDetailView.swift in Sources */ = {isa = PBXBuildFile; fileRef = 47BBC77A29626EA7007962A0 /* SnackBarDetailView.swift */; };
		47BBC77D29628008007962A0 /* HutongRankingView.swift in Sources */ = {isa = PBXBuildFile; fileRef = 47BBC77C29628008007962A0 /* HutongRankingView.swift */; };
		47BBC77F2962801A007962A0 /* HutongModel.swift in Sources */ = {isa = PBXBuildFile; fileRef = 47BBC77E2962801A007962A0 /* HutongModel.swift */; };
		47BBC78129628066007962A0 /* HutongData.swift in Sources */ = {isa = PBXBuildFile; fileRef = 47BBC78029628066007962A0 /* HutongData.swift */; };
		47D886042961B43B00E4D539 /* ThisisBeijingApp.swift in Sources */ = {isa = PBXBuildFile; fileRef = 47D886032961B43B00E4D539 /* ThisisBeijingApp.swift */; };
		47D886062961B43B00E4D539 /* FoodView.swift in Sources */ = {isa = PBXBuildFile; fileRef = 47D886052961B43B00E4D539 /* FoodView.swift */; };
		47D886082961B43C00E4D539 /* Assets.xcassets in Resources */ = {isa = PBXBuildFile; fileRef = 47D886072961B43C00E4D539 /* Assets.xcassets */; };
		47D8860B2961B43C00E4D539 /* Preview Assets.xcassets in Resources */ = {isa = PBXBuildFile; fileRef = 47D8860A2961B43C00E4D539 /* Preview Assets.xcassets */; };
		47D886122961BB8200E4D539 /* Launch Screen.storyboard in Resources */ = {isa = PBXBuildFile; fileRef = 47D886112961BB8200E4D539 /* Launch Screen.storyboard */; };
		47D8861A2961D9C000E4D539 /* BeijingView.swift in Sources */ = {isa = PBXBuildFile; fileRef = 47D886192961D9C000E4D539 /* BeijingView.swift */; };
		47D8861C2961D9DB00E4D539 /* HutongView.swift in Sources */ = {isa = PBXBuildFile; fileRef = 47D8861B2961D9DB00E4D539 /* HutongView.swift */; };
		47D8861E2961D9F300E4D539 /* SettingsView.swift in Sources */ = {isa = PBXBuildFile; fileRef = 47D8861D2961D9F300E4D539 /* SettingsView.swift */; };
		47D886202961DA0700E4D539 /* AppView.swift in Sources */ = {isa = PBXBuildFile; fileRef = 47D8861F2961DA0700E4D539 /* AppView.swift */; };
		47D886222961E04F00E4D539 /* HeaderView.swift in Sources */ = {isa = PBXBuildFile; fileRef = 47D886212961E04F00E4D539 /* HeaderView.swift */; };
		47D886242961E55400E4D539 /* HeaderModel.swift in Sources */ = {isa = PBXBuildFile; fileRef = 47D886232961E55400E4D539 /* HeaderModel.swift */; };
		47D886262961E5A000E4D539 /* HeaderData.swift in Sources */ = {isa = PBXBuildFile; fileRef = 47D886252961E5A000E4D539 /* HeaderData.swift */; };
		47D886282961E6D000E4D539 /* CookingWayView.swift in Sources */ = {isa = PBXBuildFile; fileRef = 47D886272961E6D000E4D539 /* CookingWayView.swift */; };
		47D8862A2961EB5A00E4D539 /* FoodCardView.swift in Sources */ = {isa = PBXBuildFile; fileRef = 47D886292961EB5A00E4D539 /* FoodCardView.swift */; };
		47D8862C2961F2D400E4D539 /* FoodModel.swift in Sources */ = {isa = PBXBuildFile; fileRef = 47D8862B2961F2D400E4D539 /* FoodModel.swift */; };
		47D8862E2961F31600E4D539 /* FoodData.swift in Sources */ = {isa = PBXBuildFile; fileRef = 47D8862D2961F31600E4D539 /* FoodData.swift */; };
/* End PBXBuildFile section */

/* Begin PBXFileReference section */
		47BBC77029626500007962A0 /* SnackBarModel.swift */ = {isa = PBXFileReference; lastKnownFileType = sourcecode.swift; path = SnackBarModel.swift; sourceTree = "<group>"; };
		47BBC7722962656E007962A0 /* SnackBarData.swift */ = {isa = PBXFileReference; lastKnownFileType = sourcecode.swift; path = SnackBarData.swift; sourceTree = "<group>"; };
		47BBC774296265BC007962A0 /* SnackBarCardView.swift */ = {isa = PBXFileReference; lastKnownFileType = sourcecode.swift; path = SnackBarCardView.swift; sourceTree = "<group>"; };
		47BBC77629626A9F007962A0 /* SnackBarRatingView.swift */ = {isa = PBXFileReference; lastKnownFileType = sourcecode.swift; path = SnackBarRatingView.swift; sourceTree = "<group>"; };
		47BBC77829626BCF007962A0 /* SnackBarInfoView.swift */ = {isa = PBXFileReference; lastKnownFileType = sourcecode.swift; path = SnackBarInfoView.swift; sourceTree = "<group>"; };
		47BBC77A29626EA7007962A0 /* SnackBarDetailView.swift */ = {isa = PBXFileReference; lastKnownFileType = sourcecode.swift; path = SnackBarDetailView.swift; sourceTree = "<group>"; };
		47BBC77C29628008007962A0 /* HutongRankingView.swift */ = {isa = PBXFileReference; lastKnownFileType = sourcecode.swift; path = HutongRankingView.swift; sourceTree = "<group>"; };
		47BBC77E2962801A007962A0 /* HutongModel.swift */ = {isa = PBXFileReference; lastKnownFileType = sourcecode.swift; path = HutongModel.swift; sourceTree = "<group>"; };
		47BBC78029628066007962A0 /* HutongData.swift */ = {isa = PBXFileReference; lastKnownFileType = sourcecode.swift; path = HutongData.swift; sourceTree = "<group>"; };
		47D886002961B43B00E4D539 /* ThisisBeijing.app */ = {isa = PBXFileReference; explicitFileType = wrapper.application; includeInIndex = 0; path = ThisisBeijing.app; sourceTree = BUILT_PRODUCTS_DIR; };
		47D886032961B43B00E4D539 /* ThisisBeijingApp.swift */ = {isa = PBXFileReference; lastKnownFileType = sourcecode.swift; path = ThisisBeijingApp.swift; sourceTree = "<group>"; };
		47D886052961B43B00E4D539 /* FoodView.swift */ = {isa = PBXFileReference; lastKnownFileType = sourcecode.swift; path = FoodView.swift; sourceTree = "<group>"; };
		47D886072961B43C00E4D539 /* Assets.xcassets */ = {isa = PBXFileReference; lastKnownFileType = folder.assetcatalog; path = Assets.xcassets; sourceTree = "<group>"; };
		47D8860A2961B43C00E4D539 /* Preview Assets.xcassets */ = {isa = PBXFileReference; lastKnownFileType = folder.assetcatalog; path = "Preview Assets.xcassets"; sourceTree = "<group>"; };
		47D886112961BB8200E4D539 /* Launch Screen.storyboard */ = {isa = PBXFileReference; lastKnownFileType = file.storyboard; path = "Launch Screen.storyboard"; sourceTree = "<group>"; };
		47D886192961D9C000E4D539 /* BeijingView.swift */ = {isa = PBXFileReference; lastKnownFileType = sourcecode.swift; path = BeijingView.swift; sourceTree = "<group>"; };
		47D8861B2961D9DB00E4D539 /* HutongView.swift */ = {isa = PBXFileReference; lastKnownFileType = sourcecode.swift; path = HutongView.swift; sourceTree = "<group>"; };
		47D8861D2961D9F300E4D539 /* SettingsView.swift */ = {isa = PBXFileReference; lastKnownFileType = sourcecode.swift; path = SettingsView.swift; sourceTree = "<group>"; };
		47D8861F2961DA0700E4D539 /* AppView.swift */ = {isa = PBXFileReference; lastKnownFileType = sourcecode.swift; path = AppView.swift; sourceTree = "<group>"; };
		47D886212961E04F00E4D539 /* HeaderView.swift */ = {isa = PBXFileReference; lastKnownFileType = sourcecode.swift; path = HeaderView.swift; sourceTree = "<group>"; };
		47D886232961E55400E4D539 /* HeaderModel.swift */ = {isa = PBXFileReference; lastKnownFileType = sourcecode.swift; path = HeaderModel.swift; sourceTree = "<group>"; };
		47D886252961E5A000E4D539 /* HeaderData.swift */ = {isa = PBXFileReference; lastKnownFileType = sourcecode.swift; path = HeaderData.swift; sourceTree = "<group>"; };
		47D886272961E6D000E4D539 /* CookingWayView.swift */ = {isa = PBXFileReference; lastKnownFileType = sourcecode.swift; path = CookingWayView.swift; sourceTree = "<group>"; };
		47D886292961EB5A00E4D539 /* FoodCardView.swift */ = {isa = PBXFileReference; lastKnownFileType = sourcecode.swift; path = FoodCardView.swift; sourceTree = "<group>"; };
		47D8862B2961F2D400E4D539 /* FoodModel.swift */ = {isa = PBXFileReference; lastKnownFileType = sourcecode.swift; path = FoodModel.swift; sourceTree = "<group>"; };
		47D8862D2961F31600E4D539 /* FoodData.swift */ = {isa = PBXFileReference; lastKnownFileType = sourcecode.swift; path = FoodData.swift; sourceTree = "<group>"; };
/* End PBXFileReference section */

/* Begin PBXFrameworksBuildPhase section */
		47D885FD2961B43B00E4D539 /* Frameworks */ = {
			isa = PBXFrameworksBuildPhase;
			buildActionMask = 2147483647;
			files = (
			);
			runOnlyForDeploymentPostprocessing = 0;
		};
/* End PBXFrameworksBuildPhase section */

/* Begin PBXGroup section */
		47D885F72961B43B00E4D539 = {
			isa = PBXGroup;
			children = (
				47D886022961B43B00E4D539 /* ThisisBeijing */,
				47D886012961B43B00E4D539 /* Products */,
			);
			sourceTree = "<group>";
		};
		47D886012961B43B00E4D539 /* Products */ = {
			isa = PBXGroup;
			children = (
				47D886002961B43B00E4D539 /* ThisisBeijing.app */,
			);
			name = Products;
			sourceTree = "<group>";
		};
		47D886022961B43B00E4D539 /* ThisisBeijing */ = {
			isa = PBXGroup;
			children = (
				47D886162961D7D100E4D539 /* App */,
				47D886152961D7CA00E4D539 /* View */,
				47D886142961D7C100E4D539 /* Model */,
				47D886132961D7B800E4D539 /* Data */,
				47D886072961B43C00E4D539 /* Assets.xcassets */,
				47D886092961B43C00E4D539 /* Preview Content */,
				47D886112961BB8200E4D539 /* Launch Screen.storyboard */,
			);
			path = ThisisBeijing;
			sourceTree = "<group>";
		};
		47D886092961B43C00E4D539 /* Preview Content */ = {
			isa = PBXGroup;
			children = (
				47D8860A2961B43C00E4D539 /* Preview Assets.xcassets */,
			);
			path = "Preview Content";
			sourceTree = "<group>";
		};
		47D886132961D7B800E4D539 /* Data */ = {
			isa = PBXGroup;
			children = (
				47D886252961E5A000E4D539 /* HeaderData.swift */,
				47D8862D2961F31600E4D539 /* FoodData.swift */,
				47BBC7722962656E007962A0 /* SnackBarData.swift */,
				47BBC78029628066007962A0 /* HutongData.swift */,
			);
			path = Data;
			sourceTree = "<group>";
		};
		47D886142961D7C100E4D539 /* Model */ = {
			isa = PBXGroup;
			children = (
				47D886232961E55400E4D539 /* HeaderModel.swift */,
				47D8862B2961F2D400E4D539 /* FoodModel.swift */,
				47BBC77029626500007962A0 /* SnackBarModel.swift */,
				47BBC77E2962801A007962A0 /* HutongModel.swift */,
			);
			path = Model;
			sourceTree = "<group>";
		};
		47D886152961D7CA00E4D539 /* View */ = {
			isa = PBXGroup;
			children = (
				47D886212961E04F00E4D539 /* HeaderView.swift */,
				47D886272961E6D000E4D539 /* CookingWayView.swift */,
				47D886292961EB5A00E4D539 /* FoodCardView.swift */,
				47BBC774296265BC007962A0 /* SnackBarCardView.swift */,
				47BBC77629626A9F007962A0 /* SnackBarRatingView.swift */,
				47BBC77829626BCF007962A0 /* SnackBarInfoView.swift */,
				47BBC77A29626EA7007962A0 /* SnackBarDetailView.swift */,
				47BBC77C29628008007962A0 /* HutongRankingView.swift */,
			);
			path = View;
			sourceTree = "<group>";
		};
		47D886162961D7D100E4D539 /* App */ = {
			isa = PBXGroup;
			children = (
				47D886032961B43B00E4D539 /* ThisisBeijingApp.swift */,
				47D886052961B43B00E4D539 /* FoodView.swift */,
				47D886192961D9C000E4D539 /* BeijingView.swift */,
				47D8861B2961D9DB00E4D539 /* HutongView.swift */,
				47D8861D2961D9F300E4D539 /* SettingsView.swift */,
				47D8861F2961DA0700E4D539 /* AppView.swift */,
			);
			path = App;
			sourceTree = "<group>";
		};
/* End PBXGroup section */

/* Begin PBXNativeTarget section */
		47D885FF2961B43B00E4D539 /* ThisisBeijing */ = {
			isa = PBXNativeTarget;
			buildConfigurationList = 47D8860E2961B43C00E4D539 /* Build configuration list for PBXNativeTarget "ThisisBeijing" */;
			buildPhases = (
				47D885FC2961B43B00E4D539 /* Sources */,
				47D885FD2961B43B00E4D539 /* Frameworks */,
				47D885FE2961B43B00E4D539 /* Resources */,
			);
			buildRules = (
			);
			dependencies = (
			);
			name = ThisisBeijing;
			productName = ThisisBeijing;
			productReference = 47D886002961B43B00E4D539 /* ThisisBeijing.app */;
			productType = "com.apple.product-type.application";
		};
/* End PBXNativeTarget section */

/* Begin PBXProject section */
		47D885F82961B43B00E4D539 /* Project object */ = {
			isa = PBXProject;
			attributes = {
				BuildIndependentTargetsInParallel = 1;
				LastSwiftUpdateCheck = 1420;
				LastUpgradeCheck = 1420;
				TargetAttributes = {
					47D885FF2961B43B00E4D539 = {
						CreatedOnToolsVersion = 14.2;
					};
				};
			};
			buildConfigurationList = 47D885FB2961B43B00E4D539 /* Build configuration list for PBXProject "ThisisBeijing" */;
			compatibilityVersion = "Xcode 14.0";
			developmentRegion = en;
			hasScannedForEncodings = 0;
			knownRegions = (
				en,
				Base,
			);
			mainGroup = 47D885F72961B43B00E4D539;
			productRefGroup = 47D886012961B43B00E4D539 /* Products */;
			projectDirPath = "";
			projectRoot = "";
			targets = (
				47D885FF2961B43B00E4D539 /* ThisisBeijing */,
			);
		};
/* End PBXProject section */

/* Begin PBXResourcesBuildPhase section */
		47D885FE2961B43B00E4D539 /* Resources */ = {
			isa = PBXResourcesBuildPhase;
			buildActionMask = 2147483647;
			files = (
				47D886122961BB8200E4D539 /* Launch Screen.storyboard in Resources */,
				47D8860B2961B43C00E4D539 /* Preview Assets.xcassets in Resources */,
				47D886082961B43C00E4D539 /* Assets.xcassets in Resources */,
			);
			runOnlyForDeploymentPostprocessing = 0;
		};
/* End PBXResourcesBuildPhase section */

/* Begin PBXSourcesBuildPhase section */
		47D885FC2961B43B00E4D539 /* Sources */ = {
			isa = PBXSourcesBuildPhase;
			buildActionMask = 2147483647;
			files = (
				47D8862A2961EB5A00E4D539 /* FoodCardView.swift in Sources */,
				47BBC77929626BCF007962A0 /* SnackBarInfoView.swift in Sources */,
				47D8861E2961D9F300E4D539 /* SettingsView.swift in Sources */,
				47BBC7732962656E007962A0 /* SnackBarData.swift in Sources */,
				47D8861A2961D9C000E4D539 /* BeijingView.swift in Sources */,
				47D8862C2961F2D400E4D539 /* FoodModel.swift in Sources */,
				47D886202961DA0700E4D539 /* AppView.swift in Sources */,
				47BBC77F2962801A007962A0 /* HutongModel.swift in Sources */,
				47D886282961E6D000E4D539 /* CookingWayView.swift in Sources */,
				47BBC77729626A9F007962A0 /* SnackBarRatingView.swift in Sources */,
				47D8862E2961F31600E4D539 /* FoodData.swift in Sources */,
				47D886062961B43B00E4D539 /* FoodView.swift in Sources */,
				47D886042961B43B00E4D539 /* ThisisBeijingApp.swift in Sources */,
				47BBC77D29628008007962A0 /* HutongRankingView.swift in Sources */,
				47BBC78129628066007962A0 /* HutongData.swift in Sources */,
				47D8861C2961D9DB00E4D539 /* HutongView.swift in Sources */,
				47BBC775296265BC007962A0 /* SnackBarCardView.swift in Sources */,
				47D886242961E55400E4D539 /* HeaderModel.swift in Sources */,
				47D886262961E5A000E4D539 /* HeaderData.swift in Sources */,
				47BBC77B29626EA7007962A0 /* SnackBarDetailView.swift in Sources */,
				47BBC77129626500007962A0 /* SnackBarModel.swift in Sources */,
				47D886222961E04F00E4D539 /* HeaderView.swift in Sources */,
			);
			runOnlyForDeploymentPostprocessing = 0;
		};
/* End PBXSourcesBuildPhase section */

/* Begin XCBuildConfiguration section */
		47D8860C2961B43C00E4D539 /* Debug */ = {
			isa = XCBuildConfiguration;
			buildSettings = {
				ALWAYS_SEARCH_USER_PATHS = NO;
				CLANG_ANALYZER_NONNULL = YES;
				CLANG_ANALYZER_NUMBER_OBJECT_CONVERSION = YES_AGGRESSIVE;
				CLANG_CXX_LANGUAGE_STANDARD = "gnu++20";
				CLANG_ENABLE_MODULES = YES;
				CLANG_ENABLE_OBJC_ARC = YES;
				CLANG_ENABLE_OBJC_WEAK = YES;
				CLANG_WARN_BLOCK_CAPTURE_AUTORELEASING = YES;
				CLANG_WARN_BOOL_CONVERSION = YES;
				CLANG_WARN_COMMA = YES;
				CLANG_WARN_CONSTANT_CONVERSION = YES;
				CLANG_WARN_DEPRECATED_OBJC_IMPLEMENTATIONS = YES;
				CLANG_WARN_DIRECT_OBJC_ISA_USAGE = YES_ERROR;
				CLANG_WARN_DOCUMENTATION_COMMENTS = YES;
				CLANG_WARN_EMPTY_BODY = YES;
				CLANG_WARN_ENUM_CONVERSION = YES;
				CLANG_WARN_INFINITE_RECURSION = YES;
				CLANG_WARN_INT_CONVERSION = YES;
				CLANG_WARN_NON_LITERAL_NULL_CONVERSION = YES;
				CLANG_WARN_OBJC_IMPLICIT_RETAIN_SELF = YES;
				CLANG_WARN_OBJC_LITERAL_CONVERSION = YES;
				CLANG_WARN_OBJC_ROOT_CLASS = YES_ERROR;
				CLANG_WARN_QUOTED_INCLUDE_IN_FRAMEWORK_HEADER = YES;
				CLANG_WARN_RANGE_LOOP_ANALYSIS = YES;
				CLANG_WARN_STRICT_PROTOTYPES = YES;
				CLANG_WARN_SUSPICIOUS_MOVE = YES;
				CLANG_WARN_UNGUARDED_AVAILABILITY = YES_AGGRESSIVE;
				CLANG_WARN_UNREACHABLE_CODE = YES;
				CLANG_WARN__DUPLICATE_METHOD_MATCH = YES;
				COPY_PHASE_STRIP = NO;
				DEBUG_INFORMATION_FORMAT = dwarf;
				ENABLE_STRICT_OBJC_MSGSEND = YES;
				ENABLE_TESTABILITY = YES;
				GCC_C_LANGUAGE_STANDARD = gnu11;
				GCC_DYNAMIC_NO_PIC = NO;
				GCC_NO_COMMON_BLOCKS = YES;
				GCC_OPTIMIZATION_LEVEL = 0;
				GCC_PREPROCESSOR_DEFINITIONS = (
					"DEBUG=1",
					"$(inherited)",
				);
				GCC_WARN_64_TO_32_BIT_CONVERSION = YES;
				GCC_WARN_ABOUT_RETURN_TYPE = YES_ERROR;
				GCC_WARN_UNDECLARED_SELECTOR = YES;
				GCC_WARN_UNINITIALIZED_AUTOS = YES_AGGRESSIVE;
				GCC_WARN_UNUSED_FUNCTION = YES;
				GCC_WARN_UNUSED_VARIABLE = YES;
				IPHONEOS_DEPLOYMENT_TARGET = 16.2;
				MTL_ENABLE_DEBUG_INFO = INCLUDE_SOURCE;
				MTL_FAST_MATH = YES;
				ONLY_ACTIVE_ARCH = YES;
				SDKROOT = iphoneos;
				SWIFT_ACTIVE_COMPILATION_CONDITIONS = DEBUG;
				SWIFT_OPTIMIZATION_LEVEL = "-Onone";
			};
			name = Debug;
		};
		47D8860D2961B43C00E4D539 /* Release */ = {
			isa = XCBuildConfiguration;
			buildSettings = {
				ALWAYS_SEARCH_USER_PATHS = NO;
				CLANG_ANALYZER_NONNULL = YES;
				CLANG_ANALYZER_NUMBER_OBJECT_CONVERSION = YES_AGGRESSIVE;
				CLANG_CXX_LANGUAGE_STANDARD = "gnu++20";
				CLANG_ENABLE_MODULES = YES;
				CLANG_ENABLE_OBJC_ARC = YES;
				CLANG_ENABLE_OBJC_WEAK = YES;
				CLANG_WARN_BLOCK_CAPTURE_AUTORELEASING = YES;
				CLANG_WARN_BOOL_CONVERSION = YES;
				CLANG_WARN_COMMA = YES;
				CLANG_WARN_CONSTANT_CONVERSION = YES;
				CLANG_WARN_DEPRECATED_OBJC_IMPLEMENTATIONS = YES;
				CLANG_WARN_DIRECT_OBJC_ISA_USAGE = YES_ERROR;
				CLANG_WARN_DOCUMENTATION_COMMENTS = YES;
				CLANG_WARN_EMPTY_BODY = YES;
				CLANG_WARN_ENUM_CONVERSION = YES;
				CLANG_WARN_INFINITE_RECURSION = YES;
				CLANG_WARN_INT_CONVERSION = YES;
				CLANG_WARN_NON_LITERAL_NULL_CONVERSION = YES;
				CLANG_WARN_OBJC_IMPLICIT_RETAIN_SELF = YES;
				CLANG_WARN_OBJC_LITERAL_CONVERSION = YES;
				CLANG_WARN_OBJC_ROOT_CLASS = YES_ERROR;
				CLANG_WARN_QUOTED_INCLUDE_IN_FRAMEWORK_HEADER = YES;
				CLANG_WARN_RANGE_LOOP_ANALYSIS = YES;
				CLANG_WARN_STRICT_PROTOTYPES = YES;
				CLANG_WARN_SUSPICIOUS_MOVE = YES;
				CLANG_WARN_UNGUARDED_AVAILABILITY = YES_AGGRESSIVE;
				CLANG_WARN_UNREACHABLE_CODE = YES;
				CLANG_WARN__DUPLICATE_METHOD_MATCH = YES;
				COPY_PHASE_STRIP = NO;
				DEBUG_INFORMATION_FORMAT = "dwarf-with-dsym";
				ENABLE_NS_ASSERTIONS = NO;
				ENABLE_STRICT_OBJC_MSGSEND = YES;
				GCC_C_LANGUAGE_STANDARD = gnu11;
				GCC_NO_COMMON_BLOCKS = YES;
				GCC_WARN_64_TO_32_BIT_CONVERSION = YES;
				GCC_WARN_ABOUT_RETURN_TYPE = YES_ERROR;
				GCC_WARN_UNDECLARED_SELECTOR = YES;
				GCC_WARN_UNINITIALIZED_AUTOS = YES_AGGRESSIVE;
				GCC_WARN_UNUSED_FUNCTION = YES;
				GCC_WARN_UNUSED_VARIABLE = YES;
				IPHONEOS_DEPLOYMENT_TARGET = 16.2;
				MTL_ENABLE_DEBUG_INFO = NO;
				MTL_FAST_MATH = YES;
				SDKROOT = iphoneos;
				SWIFT_COMPILATION_MODE = wholemodule;
				SWIFT_OPTIMIZATION_LEVEL = "-O";
				VALIDATE_PRODUCT = YES;
			};
			name = Release;
		};
		47D8860F2961B43C00E4D539 /* Debug */ = {
			isa = XCBuildConfiguration;
			buildSettings = {
				ASSETCATALOG_COMPILER_APPICON_NAME = AppIcon;
				ASSETCATALOG_COMPILER_GLOBAL_ACCENT_COLOR_NAME = AccentColor;
				ASSETCATALOG_COMPILER_INCLUDE_ALL_APPICON_ASSETS = NO;
				CODE_SIGN_STYLE = Automatic;
				CURRENT_PROJECT_VERSION = 1;
				DEVELOPMENT_ASSET_PATHS = "\"ThisisBeijing/Preview Content\"";
				DEVELOPMENT_TEAM = 498AB5R6B6;
				ENABLE_PREVIEWS = YES;
				GENERATE_INFOPLIST_FILE = YES;
				INFOPLIST_KEY_CFBundleDisplayName = "这里是北京";
				INFOPLIST_KEY_UIApplicationSceneManifest_Generation = YES;
				INFOPLIST_KEY_UIApplicationSupportsIndirectInputEvents = YES;
				INFOPLIST_KEY_UILaunchScreen_Generation = YES;
				INFOPLIST_KEY_UILaunchStoryboardName = "Launch Screen.storyboard";
				INFOPLIST_KEY_UISupportedInterfaceOrientations = UIInterfaceOrientationPortrait;
				LD_RUNPATH_SEARCH_PATHS = (
					"$(inherited)",
					"@executable_path/Frameworks",
				);
				MARKETING_VERSION = 1.0;
				PRODUCT_BUNDLE_IDENTIFIER = com.ming.ThisisBeijing;
				PRODUCT_NAME = "$(TARGET_NAME)";
				SWIFT_EMIT_LOC_STRINGS = YES;
				SWIFT_VERSION = 5.0;
				TARGETED_DEVICE_FAMILY = "1,2";
			};
			name = Debug;
		};
		47D886102961B43C00E4D539 /* Release */ = {
			isa = XCBuildConfiguration;
			buildSettings = {
				ASSETCATALOG_COMPILER_APPICON_NAME = AppIcon;
				ASSETCATALOG_COMPILER_GLOBAL_ACCENT_COLOR_NAME = AccentColor;
				ASSETCATALOG_COMPILER_INCLUDE_ALL_APPICON_ASSETS = NO;
				CODE_SIGN_STYLE = Automatic;
				CURRENT_PROJECT_VERSION = 1;
				DEVELOPMENT_ASSET_PATHS = "\"ThisisBeijing/Preview Content\"";
				DEVELOPMENT_TEAM = 498AB5R6B6;
				ENABLE_PREVIEWS = YES;
				GENERATE_INFOPLIST_FILE = YES;
				INFOPLIST_KEY_CFBundleDisplayName = "这里是北京";
				INFOPLIST_KEY_UIApplicationSceneManifest_Generation = YES;
				INFOPLIST_KEY_UIApplicationSupportsIndirectInputEvents = YES;
				INFOPLIST_KEY_UILaunchScreen_Generation = YES;
				INFOPLIST_KEY_UILaunchStoryboardName = "Launch Screen.storyboard";
				INFOPLIST_KEY_UISupportedInterfaceOrientations = UIInterfaceOrientationPortrait;
				LD_RUNPATH_SEARCH_PATHS = (
					"$(inherited)",
					"@executable_path/Frameworks",
				);
				MARKETING_VERSION = 1.0;
				PRODUCT_BUNDLE_IDENTIFIER = com.ming.ThisisBeijing;
				PRODUCT_NAME = "$(TARGET_NAME)";
				SWIFT_EMIT_LOC_STRINGS = YES;
				SWIFT_VERSION = 5.0;
				TARGETED_DEVICE_FAMILY = "1,2";
			};
			name = Release;
		};
/* End XCBuildConfiguration section */

/* Begin XCConfigurationList section */
		47D885FB2961B43B00E4D539 /* Build configuration list for PBXProject "ThisisBeijing" */ = {
			isa = XCConfigurationList;
			buildConfigurations = (
				47D8860C2961B43C00E4D539 /* Debug */,
				47D8860D2961B43C00E4D539 /* Release */,
			);
			defaultConfigurationIsVisible = 0;
			defaultConfigurationName = Release;
		};
		47D8860E2961B43C00E4D539 /* Build configuration list for PBXNativeTarget "ThisisBeijing" */ = {
			isa = XCConfigurationList;
			buildConfigurations = (
				47D8860F2961B43C00E4D539 /* Debug */,
				47D886102961B43C00E4D539 /* Release */,
			);
			defaultConfigurationIsVisible = 0;
			defaultConfigurationName = Release;
		};
/* End XCConfigurationList section */
	};
	rootObject = 47D885F82961B43B00E4D539 /* Project object */;
}
